#MicroXplorer Configuration settings - do not modify
CAD.formats=
CAD.pinconfig=
CAD.provider=
CORTEX_M33_NS.userName=CORTEX_M33
File.Version=6
GPIO.groupedBy=Group By Peripherals
I2C1.IPParameters=Timing
I2C1.Timing=0x30909DEC
KeepUserPlacement=false
MMTAppRegionsCount=0
MMTConfigApplied=false
MMTSectionSuffix=
Mcu.CPN=STM32U575RGT6
Mcu.ContextProject=TrustZoneDisabled
Mcu.Family=STM32U5
Mcu.IP0=CORTEX_M33_NS
Mcu.IP1=DEBUG
Mcu.IP10=SYS
Mcu.IP11=THREADX
Mcu.IP12=TSC
Mcu.IP13=USBX
Mcu.IP14=USB_OTG_FS
Mcu.IP2=I2C1
Mcu.IP3=ICACHE
Mcu.IP4=LPBAM
Mcu.IP5=LPBAMQUEUE
Mcu.IP6=MEMORYMAP
Mcu.IP7=NVIC
Mcu.IP8=PWR
Mcu.IP9=RCC
Mcu.IPNb=15
Mcu.Name=STM32U575RGTx
Mcu.Package=LQFP64
Mcu.Pin0=PC13
Mcu.Pin1=PB12
Mcu.Pin10=PA12
Mcu.Pin11=PA13 (JTMS/SWDIO)
Mcu.Pin12=PA14 (JTCK/SWCLK)
Mcu.Pin13=PC10
Mcu.Pin14=PC11
Mcu.Pin15=PC12
Mcu.Pin16=PB3 (JTDO/TRACESWO)
Mcu.Pin17=PB4 (NJTRST)
Mcu.Pin18=PB5
Mcu.Pin19=PB6
Mcu.Pin2=PB14
Mcu.Pin20=PB7
Mcu.Pin21=PB8
Mcu.Pin22=VP_ICACHE_VS_ICACHE
Mcu.Pin23=VP_LPBAMQUEUE_VS_QUEUE
Mcu.Pin24=VP_PWR_VS_SECSignals
Mcu.Pin25=VP_RCC_USB
Mcu.Pin26=VP_SYS_VS_tim6
Mcu.Pin27=VP_THREADX_VS_RTOSJjThreadXJjCoreJjDefault
Mcu.Pin28=VP_USBX_Core_System
Mcu.Pin29=VP_USBX_UX Device CoreStack_FS
Mcu.Pin3=PC6
Mcu.Pin30=VP_USBX_UX Device Controller_FS
Mcu.Pin31=VP_USBX_UX Device CDC ACM Class_FS
Mcu.Pin32=VP_LPBAM_VS_SIG1
Mcu.Pin33=VP_LPBAM_VS_SIG4
Mcu.Pin34=VP_MEMORYMAP_VS_MEMORYMAP
Mcu.Pin4=PC7
Mcu.Pin5=PC8
Mcu.Pin6=PC9
Mcu.Pin7=PA9
Mcu.Pin8=PA10
Mcu.Pin9=PA11
Mcu.PinsNb=35
Mcu.ThirdParty0=STMicroelectronics.X-CUBE-FREERTOS.1.5.0
Mcu.ThirdParty1=emotas.I-CUBE-CANOPEN.1.3.0
Mcu.ThirdParty2=wolfSSL.I-CUBE-wolfTPM.3.8.0
Mcu.ThirdPartyNb=3
Mcu.UserConstants=
Mcu.UserName=STM32U575RGTx
MxCube.Version=6.17.0
MxDb.Version=DB.6.0.170
NVIC.BusFault_IRQn=true\:0\:0\:false\:false\:true\:false\:false\:false\:false
NVIC.DebugMonitor_IRQn=true\:0\:0\:false\:false\:true\:false\:false\:false\:false
NVIC.ForceEnableDMAVector=true
NVIC.HardFault_IRQn=true\:0\:0\:false\:false\:true\:false\:false\:false\:false
NVIC.MemoryManagement_IRQn=true\:0\:0\:false\:false\:true\:false\:false\:false\:false
NVIC.NonMaskableInt_IRQn=true\:0\:0\:false\:false\:true\:false\:false\:false\:false
NVIC.OTG_FS_IRQn=true\:0\:0\:false\:false\:true\:false\:true\:true\:true
NVIC.PendSV_IRQn=true\:0\:0\:false\:false\:false\:false\:false\:false\:false
NVIC.PriorityGroup=NVIC_PRIORITYGROUP_4
NVIC.SVCall_IRQn=true\:0\:0\:false\:false\:false\:false\:false\:false\:false
NVIC.SavedPendsvIrqHandlerGenerated=false
NVIC.SavedSvcallIrqHandlerGenerated=false
NVIC.SavedSystickIrqHandlerGenerated=false
NVIC.SysTick_IRQn=true\:14\:0\:false\:false\:false\:false\:false\:true\:false
NVIC.TIM6_IRQn=true\:15\:0\:false\:false\:true\:false\:false\:true\:true
NVIC.TimeBase=TIM6_IRQn
NVIC.TimeBaseIP=TIM6
NVIC.UsageFault_IRQn=true\:0\:0\:false\:false\:true\:false\:false\:false\:false
PA10.GPIOParameters=GPIO_Label
PA10.GPIO_Label=TSC_LED1
PA10.Locked=true
PA10.Signal=GPIO_Output
PA11.Mode=Device_Only
PA11.Signal=USB_OTG_FS_DM
PA12.Mode=Device_Only
PA12.Signal=USB_OTG_FS_DP
PA13\ (JTMS/SWDIO).Locked=true
PA13\ (JTMS/SWDIO).Mode=Serial_Wire
PA13\ (JTMS/SWDIO).Signal=DEBUG_JTMS-SWDIO
PA14\ (JTCK/SWCLK).Locked=true
PA14\ (JTCK/SWCLK).Mode=Serial_Wire
PA14\ (JTCK/SWCLK).Signal=DEBUG_JTCK-SWCLK
PA9.GPIOParameters=GPIO_Label
PA9.GPIO_Label=TSC_LED1
PA9.Locked=true
PA9.Signal=GPIO_Output
PB12.Mode=G1_IO1-Shield
PB12.Signal=TSC_G1_IO1
PB14.Mode=G1_IO3-Sampling
PB14.Signal=TSC_G1_IO3
PB3\ (JTDO/TRACESWO).Mode=I2C
PB3\ (JTDO/TRACESWO).Signal=I2C1_SDA
PB4\ (NJTRST).GPIOParameters=GPIO_Label
PB4\ (NJTRST).GPIO_Label=TCS_C1
PB4\ (NJTRST).Mode=G2_IO1-Channel
PB4\ (NJTRST).Signal=TSC_G2_IO1
PB5.GPIOParameters=GPIO_Label
PB5.GPIO_Label=TCS_C2
PB5.Mode=G2_IO2-Channel
PB5.Signal=TSC_G2_IO2
PB6.GPIOParameters=GPIO_Label
PB6.GPIO_Label=TCS_C3
PB6.Mode=G2_IO3-Channel
PB6.Signal=TSC_G2_IO3
PB7.Mode=G2_IO4-Sampling
PB7.Signal=TSC_G2_IO4
PB8.Mode=I2C
PB8.Signal=I2C1_SCL
PC10.GPIOParameters=GPIO_Label
PC10.GPIO_Label=TCS_C4
PC10.Mode=G3_IO2-Channel
PC10.Signal=TSC_G3_IO2
PC11.GPIOParameters=GPIO_Label
PC11.GPIO_Label=TCS_C5
PC11.Mode=G3_IO3-Channel
PC11.Signal=TSC_G3_IO3
PC12.Mode=G3_IO4-Sampling
PC12.Signal=TSC_G3_IO4
PC13.GPIOParameters=GPIO_Label
PC13.GPIO_Label=TEST_LED
PC13.Locked=true
PC13.Signal=GPIO_Output
PC6.GPIOParameters=GPIO_Label
PC6.GPIO_Label=TCS_C6
PC6.Mode=G4_IO1-Channel
PC6.Signal=TSC_G4_IO1
PC7.GPIOParameters=GPIO_Label
PC7.GPIO_Label=TCS_C7
PC7.Mode=G4_IO2-Channel
PC7.Signal=TSC_G4_IO2
PC8.GPIOParameters=GPIO_Label
PC8.GPIO_Label=TCS_C8
PC8.Mode=G4_IO3-Channel
PC8.Signal=TSC_G4_IO3
PC9.Mode=G4_IO4-Sampling
PC9.Signal=TSC_G4_IO4
PinOutPanel.RotationAngle=0
ProjectManager.AskForMigrate=true
ProjectManager.BackupPrevious=false
ProjectManager.CompilerLinker=GCC
ProjectManager.CompilerOptimize=6
ProjectManager.ComputerToolchain=false
ProjectManager.CoupleFile=true
ProjectManager.CustomerFirmwarePackage=
ProjectManager.DefaultFWLocation=true
ProjectManager.DeletePrevious=true
ProjectManager.DeviceId=STM32U575RGTx
ProjectManager.FirmwarePackage=STM32Cube FW_U5 V1.8.0
ProjectManager.FreePins=false
ProjectManager.FreePinsContext=
ProjectManager.HalAssertFull=false
ProjectManager.HeapSize=0x200
ProjectManager.KeepUserCode=true
ProjectManager.LPBAM.generateCode=
ProjectManager.LastFirmware=true
ProjectManager.LibraryCopy=1
ProjectManager.MainLocation=Core/Src
ProjectManager.NoMain=false
ProjectManager.PreviousToolchain=
ProjectManager.ProjectBuild=false
ProjectManager.ProjectFileName=Ref-Control-STM32U5.ioc
ProjectManager.ProjectName=Ref-Control-STM32U5
ProjectManager.ProjectStructure=
ProjectManager.RegisterCallBack=
ProjectManager.StackSize=0x400
ProjectManager.TargetToolchain=CMake
ProjectManager.ToolChainLocation=
ProjectManager.UAScriptAfterPath=
ProjectManager.UAScriptBeforePath=
ProjectManager.UnderRoot=false
ProjectManager.functionlistsort=1-SystemClock_Config-RCC-false-HAL-false,2-MX_GPIO_Init-GPIO-false-HAL-true,3-MX_I2C1_Init-I2C1-false-HAL-true,4-MX_ICACHE_Init-ICACHE-false-HAL-true,5-MX_TSC_Init-TSC-false-HAL-true,6-MX_USB_OTG_FS_PCD_Init-USB_OTG_FS-false-HAL-true,7-MX_USBX_Init-USBX-false-HAL-false,0-MX_CORTEX_M33_NS_Init-CORTEX_M33_NS-false-HAL-true,0-MX_PWR_Init-PWR-false-HAL-true
RCC.ADCFreq_Value=16000000
RCC.ADF1Freq_Value=160000000
RCC.AHBFreq_Value=160000000
RCC.APB1Freq_Value=160000000
RCC.APB1TimFreq_Value=160000000
RCC.APB2Freq_Value=160000000
RCC.APB2TimFreq_Value=160000000
RCC.APB3Freq_Value=160000000
RCC.CK48Freq_Value=48000000
RCC.CRSFreq_Value=48000000
RCC.CortexFreq_Value=160000000
RCC.DACFreq_Value=32000
RCC.EPOD_VALUE=48000000
RCC.FCLKCortexFreq_Value=160000000
RCC.FDCANFreq_Value=80000000
RCC.FamilyName=M
RCC.HCLKFreq_Value=160000000
RCC.HSE_VALUE=16000000
RCC.HSI48_VALUE=48000000
RCC.HSI_VALUE=16000000
RCC.I2C1Freq_Value=160000000
RCC.I2C2Freq_Value=160000000
RCC.I2C3Freq_Value=160000000
RCC.I2C4Freq_Value=160000000
RCC.IPParameters=ADCFreq_Value,ADF1Freq_Value,AHBFreq_Value,APB1Freq_Value,APB1TimFreq_Value,APB2Freq_Value,APB2TimFreq_Value,APB3Freq_Value,CK48Freq_Value,CRSFreq_Value,CortexFreq_Value,DACFreq_Value,EPOD_VALUE,FCLKCortexFreq_Value,FDCANFreq_Value,FamilyName,HCLKFreq_Value,HSE_VALUE,HSI48_VALUE,HSI_VALUE,I2C1Freq_Value,I2C2Freq_Value,I2C3Freq_Value,I2C4Freq_Value,LPTIM2Freq_Value,LPUART1Freq_Value,LSCOPinFreq_Value,LSE_VALUE,LSIDIV_VALUE,LSI_VALUE,MCO1PinFreq_Value,MDF1Freq_Value,MSIClockRange,MSI_VALUE,OCTOSPIMFreq_Value,PLL1R,PLL2FRACN,PLL2PoutputFreq_Value,PLL2QoutputFreq_Value,PLL2RoutputFreq_Value,PLL3FRACN,PLL3PoutputFreq_Value,PLL3QoutputFreq_Value,PLL3RoutputFreq_Value,PLLFRACN,PLLM,PLLN,PLLPoutputFreq_Value,PLLQoutputFreq_Value,PLLRCLKFreq_Value,RNGFreq_Value,SAI1Freq_Value,SDMMCFreq_Value,SPI1Freq_Value,SPI2Freq_Value,SPI3Freq_Value,SYSCLKFreq_VALUE,SYSCLKSource,UART4Freq_Value,UART5Freq_Value,USART1Freq_Value,USART2Freq_Value,USART3Freq_Value,USBFreq_Value,VCOInput2Freq_Value,VCOInput3Freq_Value,VCOInputFreq_Value,VCOOutputFreq_Value,VCOPLL2OutputFreq_Value,VCOPLL3OutputFreq_Value
RCC.LPTIM2Freq_Value=160000000
RCC.LPUART1Freq_Value=160000000
RCC.LSCOPinFreq_Value=32000
RCC.LSE_VALUE=32768
RCC.LSIDIV_VALUE=32000
RCC.LSI_VALUE=32000
RCC.MCO1PinFreq_Value=160000000
RCC.MDF1Freq_Value=160000000
RCC.MSIClockRange=RCC_MSIRANGE_0
RCC.MSI_VALUE=48000000
RCC.OCTOSPIMFreq_Value=160000000
RCC.PLL1R=1
RCC.PLL2FRACN=0
RCC.PLL2PoutputFreq_Value=3096000000
RCC.PLL2QoutputFreq_Value=3096000000
RCC.PLL2RoutputFreq_Value=3096000000
RCC.PLL3FRACN=0
RCC.PLL3PoutputFreq_Value=3096000000
RCC.PLL3QoutputFreq_Value=3096000000
RCC.PLL3RoutputFreq_Value=3096000000
RCC.PLLFRACN=0
RCC.PLLM=3
RCC.PLLN=10
RCC.PLLPoutputFreq_Value=80000000
RCC.PLLQoutputFreq_Value=80000000
RCC.PLLRCLKFreq_Value=160000000
RCC.RNGFreq_Value=48000000
RCC.SAI1Freq_Value=3096000000
RCC.SDMMCFreq_Value=80000000
RCC.SPI1Freq_Value=160000000
RCC.SPI2Freq_Value=160000000
RCC.SPI3Freq_Value=160000000
RCC.SYSCLKFreq_VALUE=160000000
RCC.SYSCLKSource=RCC_SYSCLKSOURCE_PLLCLK
RCC.UART4Freq_Value=160000000
RCC.UART5Freq_Value=160000000
RCC.USART1Freq_Value=160000000
RCC.USART2Freq_Value=160000000
RCC.USART3Freq_Value=160000000
RCC.USBFreq_Value=48000000
RCC.VCOInput2Freq_Value=48000000
RCC.VCOInput3Freq_Value=48000000
RCC.VCOInputFreq_Value=16000000
RCC.VCOOutputFreq_Value=160000000
RCC.VCOPLL2OutputFreq_Value=6192000000
RCC.VCOPLL3OutputFreq_Value=6192000000
STMicroelectronics.X-CUBE-FREERTOS.1.5.0.CMSISJjRTOS2_Checked=false
STMicroelectronics.X-CUBE-FREERTOS.1.5.0_SwParameter=RTOS2CcCMSISJjRTOS2JjHeap\:HeapIi4;RTOS2CcCMSISJjRTOS2JjCore\:TZIiNonIiSupported;
THREADX.IPParameters=TX_APP_MEM_POOL_SIZE,TX_APP_GENERATE_INIT_CODE,TX_TIMER_TICKS_PER_SECOND,TX_ENABLE_STACK_CHECKING,TX_DISABLE_PREEMPTION_THRESHOLD,TX_APP_CREATION
THREADX.TX_APP_CREATION=1
THREADX.TX_APP_GENERATE_INIT_CODE=true
THREADX.TX_APP_MEM_POOL_SIZE=32768
THREADX.TX_DISABLE_PREEMPTION_THRESHOLD=0
THREADX.TX_ENABLE_STACK_CHECKING=1
THREADX.TX_TIMER_TICKS_PER_SECOND=1000
TSC.CTPulseHighLength=TSC_CTPH_8CYCLES
TSC.CTPulseLowLength=TSC_CTPL_8CYCLES
TSC.ChannelIOs-G2_IO1=TSC_GROUP2_IO1
TSC.ChannelIOs-G2_IO2=TSC_GROUP2_IO2
TSC.ChannelIOs-G2_IO3=TSC_GROUP2_IO3
TSC.ChannelIOs-G3_IO2=TSC_GROUP3_IO2
TSC.ChannelIOs-G3_IO3=TSC_GROUP3_IO3
TSC.ChannelIOs-G4_IO1=TSC_GROUP4_IO1
TSC.ChannelIOs-G4_IO2=TSC_GROUP4_IO2
TSC.ChannelIOs-G4_IO3=TSC_GROUP4_IO3
TSC.IPParameters=MaxCountValue,CTPulseHighLength,CTPulseLowLength,SamplingIOs-G2_IO4,ChannelIOs-G2_IO1,ChannelIOs-G2_IO2,ChannelIOs-G2_IO3,SamplingIOs-G3_IO4,ChannelIOs-G3_IO2,ChannelIOs-G3_IO3,SamplingIOs-G4_IO4,ChannelIOs-G4_IO1,ChannelIOs-G4_IO2,ChannelIOs-G4_IO3,SamplingIOs-G1_IO3,ShieldIOs-G1_IO1
TSC.MaxCountValue=TSC_MCV_16383
TSC.SamplingIOs-G1_IO3=TSC_GROUP1_IO3
TSC.SamplingIOs-G2_IO4=TSC_GROUP2_IO4
TSC.SamplingIOs-G3_IO4=TSC_GROUP3_IO4
TSC.SamplingIOs-G4_IO4=TSC_GROUP4_IO4
TSC.ShieldIOs-G1_IO1=TSC_GROUP1_IO1
USBX.BSP.number=1
USBX.Core_System=1
USBX.IPParameters=Core_System,UX_Device_CoreStack,UX_Device_Controller,UX_DEVICE_CDC_ACM,USBD_CDCACM_EPIN_ADDR,USBD_CDCACM_EPOUT_ADDR,UX_DEVICE_APP_MEM_POOL_SIZE,USBX_DEVICE_SYS_SIZE,USBX_DEVICE_APP_THREAD_Size,REG_USBX_DEVICE_CON_CK
USBX.REG_USBX_DEVICE_CON_CK=1
USBX.USBD_CDCACM_EPIN_ADDR=2
USBX.USBD_CDCACM_EPOUT_ADDR=3
USBX.USBX_DEVICE_APP_THREAD_Size=8*1024
USBX.USBX_DEVICE_SYS_SIZE=10*1024
USBX.UX_DEVICE_APP_MEM_POOL_SIZE=32*1024
USBX.UX_DEVICE_CDC_ACM=1
USBX.UX_Device_Controller=1
USBX.UX_Device_CoreStack=1
USBX0.BSP.STBoard=false
USBX0.BSP.api=Unknown
USBX0.BSP.component=
USBX0.BSP.condition=SEMAOoUSBOoOTGOoFSOoDEVICEOoFOROoUSBX & \!DIE455
USBX0.BSP.instance=USB_OTG_FS
USBX0.BSP.ip=USB_OTG_FS
USBX0.BSP.mode=Device_Only
USBX0.BSP.name=USBDevice
USBX0.BSP.semaphore=
USBX0.BSP.solution=USB_OTG_FS
USB_OTG_FS.IPParameters=VirtualMode
USB_OTG_FS.VirtualMode=Device_Only
VP_ICACHE_VS_ICACHE.Mode=DirectMappedCache
VP_ICACHE_VS_ICACHE.Signal=ICACHE_VS_ICACHE
VP_LPBAMQUEUE_VS_QUEUE.Mode=QUEUEMODE
VP_LPBAMQUEUE_VS_QUEUE.Signal=LPBAMQUEUE_VS_QUEUE
VP_LPBAM_VS_SIG1.Mode=SmartRun
VP_LPBAM_VS_SIG1.Signal=LPBAM_VS_SIG1
VP_LPBAM_VS_SIG4.Mode=LPDMA1
VP_LPBAM_VS_SIG4.Signal=LPBAM_VS_SIG4
VP_MEMORYMAP_VS_MEMORYMAP.Mode=CurAppReg
VP_MEMORYMAP_VS_MEMORYMAP.Signal=MEMORYMAP_VS_MEMORYMAP
VP_PWR_VS_SECSignals.Mode=Security/Privilege
VP_PWR_VS_SECSignals.Signal=PWR_VS_SECSignals
VP_RCC_USB.Mode=CRS SYNC Source USB
VP_RCC_USB.Signal=RCC_USB
VP_SYS_VS_tim6.Mode=TIM6
VP_SYS_VS_tim6.Signal=SYS_VS_tim6
VP_THREADX_VS_RTOSJjThreadXJjCoreJjDefault.Mode=Core_Default
VP_THREADX_VS_RTOSJjThreadXJjCoreJjDefault.Signal=THREADX_VS_RTOSJjThreadXJjCoreJjDefault
VP_USBX_Core_System.Mode=Core_System
VP_USBX_Core_System.Signal=USBX_Core_System
VP_USBX_UX\ Device\ CDC\ ACM\ Class_FS.Mode=UX_Device_class_CDC_ACM_FS
VP_USBX_UX\ Device\ CDC\ ACM\ Class_FS.Signal=USBX_UX Device CDC ACM Class_FS
VP_USBX_UX\ Device\ Controller_FS.Mode=UX_Device_Controller_FS
VP_USBX_UX\ Device\ Controller_FS.Signal=USBX_UX Device Controller_FS
VP_USBX_UX\ Device\ CoreStack_FS.Mode=UX_Device_CoreStack_FS
VP_USBX_UX\ Device\ CoreStack_FS.Signal=USBX_UX Device CoreStack_FS
board=custom
emotas.I-CUBE-CANOPEN.1.3.0.CANopenJjemotas_Checked=false
emotas.I-CUBE-CANOPEN.1.3.0_SwParameter=CANopenJjemotas\:true;
wolfSSL.I-CUBE-wolfTPM.3.8.0.wolfTPMJjwolfTPM_Checked=false
wolfSSL.I-CUBE-wolfTPM.3.8.0_SwParameter=wolfTPMCcwolfTPMJjwolfTPMJjTest\:true;wolfTPMCcwolfTPMJjwolfTPMJjCore\:true;
